
Microsoft Visual Studio Solution File, Format Version 12.00
# Visual Studio Version 17
VisualStudioVersion = 17.11.35327.3
MinimumVisualStudioVersion = 10.0.40219.1
Project("{FAE04EC0-301F-11D3-BF4B-00C04F79EFBC}") = "BigNumberRecursiveMod", "BigNumberRecursiveMod\BigNumberRecursiveMod.csproj", "{BF2CD0E6-5FAA-4282-8035-914DF06117B6}"
EndProject
Project("{FAE04EC0-301F-11D3-BF4B-00C04F79EFBC}") = "TestRecursiveMod", "TestRecursiveMod\TestRecursiveMod.csproj", "{08F3DD63-18D9-43E2-BC18-499FA7D3B100}"
EndProject
Global
	GlobalSection(SolutionConfigurationPlatforms) = preSolution
		Debug|Any CPU = Debug|Any CPU
		Release|Any CPU = Release|Any CPU
	EndGlobalSection
	GlobalSection(ProjectConfigurationPlatforms) = postSolution
		{BF2CD0E6-5FAA-4282-8035-914DF06117B6}.Debug|Any CPU.ActiveCfg = Debug|Any CPU
		{BF2CD0E6-5FAA-4282-8035-914DF06117B6}.Debug|Any CPU.Build.0 = Debug|Any CPU
		{BF2CD0E6-5FAA-4282-8035-914DF06117B6}.Release|Any CPU.ActiveCfg = Release|Any CPU
		{BF2CD0E6-5FAA-4282-8035-914DF06117B6}.Release|Any CPU.Build.0 = Release|Any CPU
		{08F3DD63-18D9-43E2-BC18-499FA7D3B100}.Debug|Any CPU.ActiveCfg = Debug|Any CPU
		{08F3DD63-18D9-43E2-BC18-499FA7D3B100}.Debug|Any CPU.Build.0 = Debug|Any CPU
		{08F3DD63-18D9-43E2-BC18-499FA7D3B100}.Release|Any CPU.ActiveCfg = Release|Any CPU
		{08F3DD63-18D9-43E2-BC18-499FA7D3B100}.Release|Any CPU.Build.0 = Release|Any CPU
	EndGlobalSection
	GlobalSection(SolutionProperties) = preSolution
		HideSolutionNode = FALSE
	EndGlobalSection
	GlobalSection(ExtensibilityGlobals) = postSolution
		SolutionGuid = {6448D120-AC1C-45EC-8765-08E566B7D908}
	EndGlobalSection
EndGlobal
